
Microsoft Visual Studio Solution File, Format Version 12.00
# Visual Studio Version 16
VisualStudioVersion = 16.0.31025.194
MinimumVisualStudioVersion = 10.0.40219.1
Project("{FAE04EC0-301F-11D3-BF4B-00C04F79EFBC}") = "LatihanOverloadingMethod", "LatihanOverloadingMethod\LatihanOverloadingMethod.csproj", "{D0D20EF1-675C-4B28-9CCF-D9DA780CA3FE}"
EndProject
Global
	GlobalSection(SolutionConfigurationPlatforms) = preSolution
		Debug|Any CPU = Debug|Any CPU
		Release|Any CPU = Release|Any CPU
	EndGlobalSection
	GlobalSection(ProjectConfigurationPlatforms) = postSolution
		{D0D20EF1-675C-4B28-9CCF-D9DA780CA3FE}.Debug|Any CPU.ActiveCfg = Debug|Any CPU
		{D0D20EF1-675C-4B28-9CCF-D9DA780CA3FE}.Debug|Any CPU.Build.0 = Debug|Any CPU
		{D0D20EF1-675C-4B28-9CCF-D9DA780CA3FE}.Release|Any CPU.ActiveCfg = Release|Any CPU
		{D0D20EF1-675C-4B28-9CCF-D9DA780CA3FE}.Release|Any CPU.Build.0 = Release|Any CPU
	EndGlobalSection
	GlobalSection(SolutionProperties) = preSolution
		HideSolutionNode = FALSE
	EndGlobalSection
	GlobalSection(ExtensibilityGlobals) = postSolution
		SolutionGuid = {42151321-8ADE-4938-9F18-C0306B74029E}
	EndGlobalSection
EndGlobal
